
Microsoft Visual Studio Solution File, Format Version 12.00
# Visual Studio 15
VisualStudioVersion = 15.0.28307.572
MinimumVisualStudioVersion = 10.0.40219.1
Project("{8BC9CEB8-8B4A-11D0-8D11-00A0C91BC942}") = "K번째 수", "K번째 수.vcxproj", "{9DEA971D-90F7-426E-8BAB-44114C19C231}"
EndProject
Global
	GlobalSection(SolutionConfigurationPlatforms) = preSolution
		Debug|x64 = Debug|x64
		Debug|x86 = Debug|x86
		Release|x64 = Release|x64
		Release|x86 = Release|x86
	EndGlobalSection
	GlobalSection(ProjectConfigurationPlatforms) = postSolution
		{9DEA971D-90F7-426E-8BAB-44114C19C231}.Debug|x64.ActiveCfg = Debug|x64
		{9DEA971D-90F7-426E-8BAB-44114C19C231}.Debug|x64.Build.0 = Debug|x64
		{9DEA971D-90F7-426E-8BAB-44114C19C231}.Debug|x86.ActiveCfg = Debug|Win32
		{9DEA971D-90F7-426E-8BAB-44114C19C231}.Debug|x86.Build.0 = Debug|Win32
		{9DEA971D-90F7-426E-8BAB-44114C19C231}.Release|x64.ActiveCfg = Release|x64
		{9DEA971D-90F7-426E-8BAB-44114C19C231}.Release|x64.Build.0 = Release|x64
		{9DEA971D-90F7-426E-8BAB-44114C19C231}.Release|x86.ActiveCfg = Release|Win32
		{9DEA971D-90F7-426E-8BAB-44114C19C231}.Release|x86.Build.0 = Release|Win32
	EndGlobalSection
	GlobalSection(SolutionProperties) = preSolution
		HideSolutionNode = FALSE
	EndGlobalSection
	GlobalSection(ExtensibilityGlobals) = postSolution
		SolutionGuid = {8C63E424-CB44-46D0-9A06-F5A7EEF5E426}
	EndGlobalSection
EndGlobal
